// !$*UTF8*$!
{
	archiveVersion = 1;
	classes = {
	};
	objectVersion = 50;
	objects = {

/* Begin PBXBuildFile section */
		30FA53FD2219782E0023E035 /* AppDelegate.swift in Sources */ = {isa = PBXBuildFile; fileRef = 30FA53FC2219782E0023E035 /* AppDelegate.swift */; };
		30FA53FF2219782E0023E035 /* ViewController.swift in Sources */ = {isa = PBXBuildFile; fileRef = 30FA53FE2219782E0023E035 /* ViewController.swift */; };
		30FA54022219782E0023E035 /* Main.storyboard in Resources */ = {isa = PBXBuildFile; fileRef = 30FA54002219782E0023E035 /* Main.storyboard */; };
		30FA5404221978310023E035 /* Assets.xcassets in Resources */ = {isa = PBXBuildFile; fileRef = 30FA5403221978310023E035 /* Assets.xcassets */; };
		30FA5407221978310023E035 /* LaunchScreen.storyboard in Resources */ = {isa = PBXBuildFile; fileRef = 30FA5405221978310023E035 /* LaunchScreen.storyboard */; };
		30FA541022197A190023E035 /* MainView.swift in Sources */ = {isa = PBXBuildFile; fileRef = 30FA540F22197A190023E035 /* MainView.swift */; };
		30FA5412221980280023E035 /* macaw-logo.svg in Resources */ = {isa = PBXBuildFile; fileRef = 30FA5411221980280023E035 /* macaw-logo.svg */; };
		FAD446CC6FF6076AB278DE2F /* Pods_test_macaw_scroll.framework in Frameworks */ = {isa = PBXBuildFile; fileRef = 3110D07CC902D96F3EFCE343 /* Pods_test_macaw_scroll.framework */; };
/* End PBXBuildFile section */

/* Begin PBXFileReference section */
		246D220F05FC19038473085E /* Pods-test-macaw-scroll.debug.xcconfig */ = {isa = PBXFileReference; includeInIndex = 1; lastKnownFileType = text.xcconfig; name = "Pods-test-macaw-scroll.debug.xcconfig"; path = "Pods/Target Support Files/Pods-test-macaw-scroll/Pods-test-macaw-scroll.debug.xcconfig"; sourceTree = "<group>"; };
		30FA53F92219782E0023E035 /* test-macaw-scroll.app */ = {isa = PBXFileReference; explicitFileType = wrapper.application; includeInIndex = 0; path = "test-macaw-scroll.app"; sourceTree = BUILT_PRODUCTS_DIR; };
		30FA53FC2219782E0023E035 /* AppDelegate.swift */ = {isa = PBXFileReference; lastKnownFileType = sourcecode.swift; path = AppDelegate.swift; sourceTree = "<group>"; };
		30FA53FE2219782E0023E035 /* ViewController.swift */ = {isa = PBXFileReference; lastKnownFileType = sourcecode.swift; path = ViewController.swift; sourceTree = "<group>"; };
		30FA54012219782E0023E035 /* Base */ = {isa = PBXFileReference; lastKnownFileType = file.storyboard; name = Base; path = Base.lproj/Main.storyboard; sourceTree = "<group>"; };
		30FA5403221978310023E035 /* Assets.xcassets */ = {isa = PBXFileReference; lastKnownFileType = folder.assetcatalog; path = Assets.xcassets; sourceTree = "<group>"; };
		30FA5406221978310023E035 /* Base */ = {isa = PBXFileReference; lastKnownFileType = file.storyboard; name = Base; path = Base.lproj/LaunchScreen.storyboard; sourceTree = "<group>"; };
		30FA5408221978310023E035 /* Info.plist */ = {isa = PBXFileReference; lastKnownFileType = text.plist.xml; path = Info.plist; sourceTree = "<group>"; };
		30FA540F22197A190023E035 /* MainView.swift */ = {isa = PBXFileReference; lastKnownFileType = sourcecode.swift; path = MainView.swift; sourceTree = "<group>"; };
		30FA5411221980280023E035 /* macaw-logo.svg */ = {isa = PBXFileReference; fileEncoding = 4; lastKnownFileType = text.xml; path = "macaw-logo.svg"; sourceTree = "<group>"; };
		3110D07CC902D96F3EFCE343 /* Pods_test_macaw_scroll.framework */ = {isa = PBXFileReference; explicitFileType = wrapper.framework; includeInIndex = 0; path = Pods_test_macaw_scroll.framework; sourceTree = BUILT_PRODUCTS_DIR; };
		320F321FA9EE7CF58336CD1F /* Pods-test-macaw-scroll.release.xcconfig */ = {isa = PBXFileReference; includeInIndex = 1; lastKnownFileType = text.xcconfig; name = "Pods-test-macaw-scroll.release.xcconfig"; path = "Pods/Target Support Files/Pods-test-macaw-scroll/Pods-test-macaw-scroll.release.xcconfig"; sourceTree = "<group>"; };
/* End PBXFileReference section */

/* Begin PBXFrameworksBuildPhase section */
		30FA53F62219782E0023E035 /* Frameworks */ = {
			isa = PBXFrameworksBuildPhase;
			buildActionMask = 2147483647;
			files = (
				FAD446CC6FF6076AB278DE2F /* Pods_test_macaw_scroll.framework in Frameworks */,
			);
			runOnlyForDeploymentPostprocessing = 0;
		};
/* End PBXFrameworksBuildPhase section */

/* Begin PBXGroup section */
		30FA53F02219782E0023E035 = {
			isa = PBXGroup;
			children = (
				30FA53FB2219782E0023E035 /* test-macaw-scroll */,
				30FA53FA2219782E0023E035 /* Products */,
				BC21AF8DE7568CC04A544782 /* Pods */,
				EB1C21572B8E5B1C3EF3D863 /* Frameworks */,
			);
			sourceTree = "<group>";
		};
		30FA53FA2219782E0023E035 /* Products */ = {
			isa = PBXGroup;
			children = (
				30FA53F92219782E0023E035 /* test-macaw-scroll.app */,
			);
			name = Products;
			sourceTree = "<group>";
		};
		30FA53FB2219782E0023E035 /* test-macaw-scroll */ = {
			isa = PBXGroup;
			children = (
				30FA540E221979F50023E035 /* Sources */,
				30FA54002219782E0023E035 /* Main.storyboard */,
				30FA5411221980280023E035 /* macaw-logo.svg */,
				30FA5403221978310023E035 /* Assets.xcassets */,
				30FA5405221978310023E035 /* LaunchScreen.storyboard */,
				30FA5408221978310023E035 /* Info.plist */,
			);
			path = "test-macaw-scroll";
			sourceTree = "<group>";
		};
		30FA540E221979F50023E035 /* Sources */ = {
			isa = PBXGroup;
			children = (
				30FA540F22197A190023E035 /* MainView.swift */,
				30FA53FE2219782E0023E035 /* ViewController.swift */,
				30FA53FC2219782E0023E035 /* AppDelegate.swift */,
			);
			path = Sources;
			sourceTree = "<group>";
		};
		BC21AF8DE7568CC04A544782 /* Pods */ = {
			isa = PBXGroup;
			children = (
				246D220F05FC19038473085E /* Pods-test-macaw-scroll.debug.xcconfig */,
				320F321FA9EE7CF58336CD1F /* Pods-test-macaw-scroll.release.xcconfig */,
			);
			name = Pods;
			sourceTree = "<group>";
		};
		EB1C21572B8E5B1C3EF3D863 /* Frameworks */ = {
			isa = PBXGroup;
			children = (
				3110D07CC902D96F3EFCE343 /* Pods_test_macaw_scroll.framework */,
			);
			name = Frameworks;
			sourceTree = "<group>";
		};
/* End PBXGroup section */

/* Begin PBXNativeTarget section */
		30FA53F82219782E0023E035 /* test-macaw-scroll */ = {
			isa = PBXNativeTarget;
			buildConfigurationList = 30FA540B221978310023E035 /* Build configuration list for PBXNativeTarget "test-macaw-scroll" */;
			buildPhases = (
				D674A7940118B837BC0E95B2 /* [CP] Check Pods Manifest.lock */,
				30FA53F52219782E0023E035 /* Sources */,
				30FA53F62219782E0023E035 /* Frameworks */,
				30FA53F72219782E0023E035 /* Resources */,
				4048BCF41A4C0C3F0B2CB46F /* [CP] Embed Pods Frameworks */,
			);
			buildRules = (
			);
			dependencies = (
			);
			name = "test-macaw-scroll";
			productName = "test-macaw-scroll";
			productReference = 30FA53F92219782E0023E035 /* test-macaw-scroll.app */;
			productType = "com.apple.product-type.application";
		};
/* End PBXNativeTarget section */

/* Begin PBXProject section */
		30FA53F12219782E0023E035 /* Project object */ = {
			isa = PBXProject;
			attributes = {
				LastSwiftUpdateCheck = 1010;
				LastUpgradeCheck = 1010;
				ORGANIZATIONNAME = exyte;
				TargetAttributes = {
					30FA53F82219782E0023E035 = {
						CreatedOnToolsVersion = 10.1;
					};
				};
			};
			buildConfigurationList = 30FA53F42219782E0023E035 /* Build configuration list for PBXProject "test-macaw-scroll" */;
			compatibilityVersion = "Xcode 9.3";
			developmentRegion = en;
			hasScannedForEncodings = 0;
			knownRegions = (
				en,
				Base,
			);
			mainGroup = 30FA53F02219782E0023E035;
			productRefGroup = 30FA53FA2219782E0023E035 /* Products */;
			projectDirPath = "";
			projectRoot = "";
			targets = (
				30FA53F82219782E0023E035 /* test-macaw-scroll */,
			);
		};
/* End PBXProject section */

/* Begin PBXResourcesBuildPhase section */
		30FA53F72219782E0023E035 /* Resources */ = {
			isa = PBXResourcesBuildPhase;
			buildActionMask = 2147483647;
			files = (
				30FA5407221978310023E035 /* LaunchScreen.storyboard in Resources */,
				30FA5404221978310023E035 /* Assets.xcassets in Resources */,
				30FA54022219782E0023E035 /* Main.storyboard in Resources */,
				30FA5412221980280023E035 /* macaw-logo.svg in Resources */,
			);
			runOnlyForDeploymentPostprocessing = 0;
		};
/* End PBXResourcesBuildPhase section */

/* Begin PBXShellScriptBuildPhase section */
		4048BCF41A4C0C3F0B2CB46F /* [CP] Embed Pods Frameworks */ = {
			isa = PBXShellScriptBuildPhase;
			buildActionMask = 2147483647;
			files = (
			);
			inputFileListPaths = (
			);
			inputPaths = (
				"${SRCROOT}/Pods/Target Support Files/Pods-test-macaw-scroll/Pods-test-macaw-scroll-frameworks.sh",
				"${BUILT_PRODUCTS_DIR}/Macaw/Macaw.framework",
				"${BUILT_PRODUCTS_DIR}/SWXMLHash/SWXMLHash.framework",
			);
			name = "[CP] Embed Pods Frameworks";
			outputFileListPaths = (
			);
			outputPaths = (
				"${TARGET_BUILD_DIR}/${FRAMEWORKS_FOLDER_PATH}/Macaw.framework",
				"${TARGET_BUILD_DIR}/${FRAMEWORKS_FOLDER_PATH}/SWXMLHash.framework",
			);
			runOnlyForDeploymentPostprocessing = 0;
			shellPath = /bin/sh;
			shellScript = "\"${SRCROOT}/Pods/Target Support Files/Pods-test-macaw-scroll/Pods-test-macaw-scroll-frameworks.sh\"\n";
			showEnvVarsInLog = 0;
		};
		D674A7940118B837BC0E95B2 /* [CP] Check Pods Manifest.lock */ = {
			isa = PBXShellScriptBuildPhase;
			buildActionMask = 2147483647;
			files = (
			);
			inputFileListPaths = (
			);
			inputPaths = (
				"${PODS_PODFILE_DIR_PATH}/Podfile.lock",
				"${PODS_ROOT}/Manifest.lock",
			);
			name = "[CP] Check Pods Manifest.lock";
			outputFileListPaths = (
			);
			outputPaths = (
				"$(DERIVED_FILE_DIR)/Pods-test-macaw-scroll-checkManifestLockResult.txt",
			);
			runOnlyForDeploymentPostprocessing = 0;
			shellPath = /bin/sh;
			shellScript = "diff \"${PODS_PODFILE_DIR_PATH}/Podfile.lock\" \"${PODS_ROOT}/Manifest.lock\" > /dev/null\nif [ $? != 0 ] ; then\n    # print error to STDERR\n    echo \"error: The sandbox is not in sync with the Podfile.lock. Run 'pod install' or update your CocoaPods installation.\" >&2\n    exit 1\nfi\n# This output is used by Xcode 'outputs' to avoid re-running this script phase.\necho \"SUCCESS\" > \"${SCRIPT_OUTPUT_FILE_0}\"\n";
			showEnvVarsInLog = 0;
		};
/* End PBXShellScriptBuildPhase section */

/* Begin PBXSourcesBuildPhase section */
		30FA53F52219782E0023E035 /* Sources */ = {
			isa = PBXSourcesBuildPhase;
			buildActionMask = 2147483647;
			files = (
				30FA53FF2219782E0023E035 /* ViewController.swift in Sources */,
				30FA541022197A190023E035 /* MainView.swift in Sources */,
				30FA53FD2219782E0023E035 /* AppDelegate.swift in Sources */,
			);
			runOnlyForDeploymentPostprocessing = 0;
		};
/* End PBXSourcesBuildPhase section */

/* Begin PBXVariantGroup section */
		30FA54002219782E0023E035 /* Main.storyboard */ = {
			isa = PBXVariantGroup;
			children = (
				30FA54012219782E0023E035 /* Base */,
			);
			name = Main.storyboard;
			sourceTree = "<group>";
		};
		30FA5405221978310023E035 /* LaunchScreen.storyboard */ = {
			isa = PBXVariantGroup;
			children = (
				30FA5406221978310023E035 /* Base */,
			);
			name = LaunchScreen.storyboard;
			sourceTree = "<group>";
		};
/* End PBXVariantGroup section */

/* Begin XCBuildConfiguration section */
		30FA5409221978310023E035 /* Debug */ = {
			isa = XCBuildConfiguration;
			buildSettings = {
				ALWAYS_SEARCH_USER_PATHS = NO;
				CLANG_ANALYZER_NONNULL = YES;
				CLANG_ANALYZER_NUMBER_OBJECT_CONVERSION = YES_AGGRESSIVE;
				CLANG_CXX_LANGUAGE_STANDARD = "gnu++14";
				CLANG_CXX_LIBRARY = "libc++";
				CLANG_ENABLE_MODULES = YES;
				CLANG_ENABLE_OBJC_ARC = YES;
				CLANG_ENABLE_OBJC_WEAK = YES;
				CLANG_WARN_BLOCK_CAPTURE_AUTORELEASING = YES;
				CLANG_WARN_BOOL_CONVERSION = YES;
				CLANG_WARN_COMMA = YES;
				CLANG_WARN_CONSTANT_CONVERSION = YES;
				CLANG_WARN_DEPRECATED_OBJC_IMPLEMENTATIONS = YES;
				CLANG_WARN_DIRECT_OBJC_ISA_USAGE = YES_ERROR;
				CLANG_WARN_DOCUMENTATION_COMMENTS = YES;
				CLANG_WARN_EMPTY_BODY = YES;
				CLANG_WARN_ENUM_CONVERSION = YES;
				CLANG_WARN_INFINITE_RECURSION = YES;
				CLANG_WARN_INT_CONVERSION = YES;
				CLANG_WARN_NON_LITERAL_NULL_CONVERSION = YES;
				CLANG_WARN_OBJC_IMPLICIT_RETAIN_SELF = YES;
				CLANG_WARN_OBJC_LITERAL_CONVERSION = YES;
				CLANG_WARN_OBJC_ROOT_CLASS = YES_ERROR;
				CLANG_WARN_RANGE_LOOP_ANALYSIS = YES;
				CLANG_WARN_STRICT_PROTOTYPES = YES;
				CLANG_WARN_SUSPICIOUS_MOVE = YES;
				CLANG_WARN_UNGUARDED_AVAILABILITY = YES_AGGRESSIVE;
				CLANG_WARN_UNREACHABLE_CODE = YES;
				CLANG_WARN__DUPLICATE_METHOD_MATCH = YES;
				CODE_SIGN_IDENTITY = "iPhone Developer";
				COPY_PHASE_STRIP = NO;
				DEBUG_INFORMATION_FORMAT = dwarf;
				ENABLE_STRICT_OBJC_MSGSEND = YES;
				ENABLE_TESTABILITY = YES;
				GCC_C_LANGUAGE_STANDARD = gnu11;
				GCC_DYNAMIC_NO_PIC = NO;
				GCC_NO_COMMON_BLOCKS = YES;
				GCC_OPTIMIZATION_LEVEL = 0;
				GCC_PREPROCESSOR_DEFINITIONS = (
					"DEBUG=1",
					"$(inherited)",
				);
				GCC_WARN_64_TO_32_BIT_CONVERSION = YES;
				GCC_WARN_ABOUT_RETURN_TYPE = YES_ERROR;
				GCC_WARN_UNDECLARED_SELECTOR = YES;
				GCC_WARN_UNINITIALIZED_AUTOS = YES_AGGRESSIVE;
				GCC_WARN_UNUSED_FUNCTION = YES;
				GCC_WARN_UNUSED_VARIABLE = YES;
				IPHONEOS_DEPLOYMENT_TARGET = 12.1;
				MTL_ENABLE_DEBUG_INFO = INCLUDE_SOURCE;
				MTL_FAST_MATH = YES;
				ONLY_ACTIVE_ARCH = YES;
				SDKROOT = iphoneos;
				SWIFT_ACTIVE_COMPILATION_CONDITIONS = DEBUG;
				SWIFT_OPTIMIZATION_LEVEL = "-Onone";
			};
			name = Debug;
		};
		30FA540A221978310023E035 /* Release */ = {
			isa = XCBuildConfiguration;
			buildSettings = {
				ALWAYS_SEARCH_USER_PATHS = NO;
				CLANG_ANALYZER_NONNULL = YES;
				CLANG_ANALYZER_NUMBER_OBJECT_CONVERSION = YES_AGGRESSIVE;
				CLANG_CXX_LANGUAGE_STANDARD = "gnu++14";
				CLANG_CXX_LIBRARY = "libc++";
				CLANG_ENABLE_MODULES = YES;
				CLANG_ENABLE_OBJC_ARC = YES;
				CLANG_ENABLE_OBJC_WEAK = YES;
				CLANG_WARN_BLOCK_CAPTURE_AUTORELEASING = YES;
				CLANG_WARN_BOOL_CONVERSION = YES;
				CLANG_WARN_COMMA = YES;
				CLANG_WARN_CONSTANT_CONVERSION = YES;
				CLANG_WARN_DEPRECATED_OBJC_IMPLEMENTATIONS = YES;
				CLANG_WARN_DIRECT_OBJC_ISA_USAGE = YES_ERROR;
				CLANG_WARN_DOCUMENTATION_COMMENTS = YES;
				CLANG_WARN_EMPTY_BODY = YES;
				CLANG_WARN_ENUM_CONVERSION = YES;
				CLANG_WARN_INFINITE_RECURSION = YES;
				CLANG_WARN_INT_CONVERSION = YES;
				CLANG_WARN_NON_LITERAL_NULL_CONVERSION = YES;
				CLANG_WARN_OBJC_IMPLICIT_RETAIN_SELF = YES;
				CLANG_WARN_OBJC_LITERAL_CONVERSION = YES;
				CLANG_WARN_OBJC_ROOT_CLASS = YES_ERROR;
				CLANG_WARN_RANGE_LOOP_ANALYSIS = YES;
				CLANG_WARN_STRICT_PROTOTYPES = YES;
				CLANG_WARN_SUSPICIOUS_MOVE = YES;
				CLANG_WARN_UNGUARDED_AVAILABILITY = YES_AGGRESSIVE;
				CLANG_WARN_UNREACHABLE_CODE = YES;
				CLANG_WARN__DUPLICATE_METHOD_MATCH = YES;
				CODE_SIGN_IDENTITY = "iPhone Developer";
				COPY_PHASE_STRIP = NO;
				DEBUG_INFORMATION_FORMAT = "dwarf-with-dsym";
				ENABLE_NS_ASSERTIONS = NO;
				ENABLE_STRICT_OBJC_MSGSEND = YES;
				GCC_C_LANGUAGE_STANDARD = gnu11;
				GCC_NO_COMMON_BLOCKS = YES;
				GCC_WARN_64_TO_32_BIT_CONVERSION = YES;
				GCC_WARN_ABOUT_RETURN_TYPE = YES_ERROR;
				GCC_WARN_UNDECLARED_SELECTOR = YES;
				GCC_WARN_UNINITIALIZED_AUTOS = YES_AGGRESSIVE;
				GCC_WARN_UNUSED_FUNCTION = YES;
				GCC_WARN_UNUSED_VARIABLE = YES;
				IPHONEOS_DEPLOYMENT_TARGET = 12.1;
				MTL_ENABLE_DEBUG_INFO = NO;
				MTL_FAST_MATH = YES;
				SDKROOT = iphoneos;
				SWIFT_COMPILATION_MODE = wholemodule;
				SWIFT_OPTIMIZATION_LEVEL = "-O";
				VALIDATE_PRODUCT = YES;
			};
			name = Release;
		};
		30FA540C221978310023E035 /* Debug */ = {
			isa = XCBuildConfiguration;
			baseConfigurationReference = 246D220F05FC19038473085E /* Pods-test-macaw-scroll.debug.xcconfig */;
			buildSettings = {
				ASSETCATALOG_COMPILER_APPICON_NAME = AppIcon;
				CODE_SIGN_STYLE = Automatic;
				DEVELOPMENT_TEAM = XC2WY9JM64;
				INFOPLIST_FILE = "test-macaw-scroll/Info.plist";
				LD_RUNPATH_SEARCH_PATHS = (
					"$(inherited)",
					"@executable_path/Frameworks",
				);
				PRODUCT_BUNDLE_IDENTIFIER = "com.exyte.test-macaw-scroll";
				PRODUCT_NAME = "$(TARGET_NAME)";
				SWIFT_VERSION = 4.2;
				TARGETED_DEVICE_FAMILY = "1,2";
			};
			name = Debug;
		};
		30FA540D221978310023E035 /* Release */ = {
			isa = XCBuildConfiguration;
			baseConfigurationReference = 320F321FA9EE7CF58336CD1F /* Pods-test-macaw-scroll.release.xcconfig */;
			buildSettings = {
				ASSETCATALOG_COMPILER_APPICON_NAME = AppIcon;
				CODE_SIGN_STYLE = Automatic;
				DEVELOPMENT_TEAM = XC2WY9JM64;
				INFOPLIST_FILE = "test-macaw-scroll/Info.plist";
				LD_RUNPATH_SEARCH_PATHS = (
					"$(inherited)",
					"@executable_path/Frameworks",
				);
				PRODUCT_BUNDLE_IDENTIFIER = "com.exyte.test-macaw-scroll";
				PRODUCT_NAME = "$(TARGET_NAME)";
				SWIFT_VERSION = 4.2;
				TARGETED_DEVICE_FAMILY = "1,2";
			};
			name = Release;
		};
/* End XCBuildConfiguration section */

/* Begin XCConfigurationList section */
		30FA53F42219782E0023E035 /* Build configuration list for PBXProject "test-macaw-scroll" */ = {
			isa = XCConfigurationList;
			buildConfigurations = (
				30FA5409221978310023E035 /* Debug */,
				30FA540A221978310023E035 /* Release */,
			);
			defaultConfigurationIsVisible = 0;
			defaultConfigurationName = Release;
		};
		30FA540B221978310023E035 /* Build configuration list for PBXNativeTarget "test-macaw-scroll" */ = {
			isa = XCConfigurationList;
			buildConfigurations = (
				30FA540C221978310023E035 /* Debug */,
				30FA540D221978310023E035 /* Release */,
			);
			defaultConfigurationIsVisible = 0;
			defaultConfigurationName = Release;
		};
/* End XCConfigurationList section */
	};
	rootObject = 30FA53F12219782E0023E035 /* Project object */;
}
